
Microsoft Visual Studio Solution File, Format Version 12.00
# Visual Studio Version 17
VisualStudioVersion = 17.5.33424.131
MinimumVisualStudioVersion = 10.0.40219.1
Project("{8BC9CEB8-8B4A-11D0-8D11-00A0C91BC942}") = "test_24.03.15", "test_24.03.15\test_24.03.15.vcxproj", "{9EAFCBFB-F902-4369-87BC-CDABB99B0E66}"
EndProject
Global
	GlobalSection(SolutionConfigurationPlatforms) = preSolution
		Debug|x64 = Debug|x64
		Debug|x86 = Debug|x86
		Release|x64 = Release|x64
		Release|x86 = Release|x86
	EndGlobalSection
	GlobalSection(ProjectConfigurationPlatforms) = postSolution
		{9EAFCBFB-F902-4369-87BC-CDABB99B0E66}.Debug|x64.ActiveCfg = Debug|x64
		{9EAFCBFB-F902-4369-87BC-CDABB99B0E66}.Debug|x64.Build.0 = Debug|x64
		{9EAFCBFB-F902-4369-87BC-CDABB99B0E66}.Debug|x86.ActiveCfg = Debug|Win32
		{9EAFCBFB-F902-4369-87BC-CDABB99B0E66}.Debug|x86.Build.0 = Debug|Win32
		{9EAFCBFB-F902-4369-87BC-CDABB99B0E66}.Release|x64.ActiveCfg = Release|x64
		{9EAFCBFB-F902-4369-87BC-CDABB99B0E66}.Release|x64.Build.0 = Release|x64
		{9EAFCBFB-F902-4369-87BC-CDABB99B0E66}.Release|x86.ActiveCfg = Release|Win32
		{9EAFCBFB-F902-4369-87BC-CDABB99B0E66}.Release|x86.Build.0 = Release|Win32
	EndGlobalSection
	GlobalSection(SolutionProperties) = preSolution
		HideSolutionNode = FALSE
	EndGlobalSection
	GlobalSection(ExtensibilityGlobals) = postSolution
		SolutionGuid = {9B14199E-289B-4229-9CD1-764AA495D7BD}
	EndGlobalSection
EndGlobal
